{
  "name": "compromised-project",
  "lockfileVersion": 3,
  "packages": {
    "": {
      "name": "compromised-project",
      "version": "1.0.0"
    },
    "node_modules/lodash": {
      "version": "4.17.21",
      "resolved": "https://registry.npmjs.org/lodash/-/lodash-4.17.21.tgz"
    },
    "node_modules/@ctrl/tinycolor": {
      "version": "4.1.1",
      "resolved": "https://registry.npmjs.org/@ctrl/tinycolor/-/tinycolor-4.1.1.tgz"
    }
  }
}
