{
  "name": "pretty-printed-project",
  "version": "1.0.0",
  "lockfileVersion": 3,
  "requires": true,
  "packages": {
    "": {
      "name": "pretty-printed-project",
      "version": "1.0.0",
      "dependencies": {
        "@ctrl/tinycolor": "^4.1.1",
        "lodash": "^4.17.21"
      }
    },
    "node_modules/@ctrl/tinycolor": {
      "version": "4.1.1",
      "resolved": "https://registry.npmjs.org/@ctrl/tinycolor/-/tinycolor-4.1.1.tgz",
      "integrity": "sha512-abc123",
      "license": "MIT"
    },
    "node_modules/lodash": {
      "version": "4.17.21",
      "resolved": "https://registry.npmjs.org/lodash/-/lodash-4.17.21.tgz",
      "integrity": "sha512-xyz789",
      "license": "MIT"
    }
  }
}
